{
  "name": "@writetome51/get-sorted-by-property",
  "version": "1.0.2",
  "lockfileVersion": 1,
  "requires": true,
  "dependencies": {
    "@writetome51/alphabetize-by-property": {
      "version": "2.0.1",
      "resolved": "https://registry.npmjs.org/@writetome51/alphabetize-by-property/-/alphabetize-by-property-2.0.1.tgz",
      "integrity": "sha512-EXDrW6FVD9g7nsX16kxaECT6N5AxZL7r2b8qSG9/wr7vRxdgCDgSsQXE8VdMtaK0OzXDjj2iQbPNingyP9x7qA==",
      "requires": {
        "@writetome51/get-property": "~1.0.2",
        "basic-data-handling": "~1.0.15"
      }
    },
    "@writetome51/array-append-prepend": {
      "version": "1.0.5",
      "resolved": "https://registry.npmjs.org/@writetome51/array-append-prepend/-/array-append-prepend-1.0.5.tgz",
      "integrity": "sha512-AKOKTb+ZU0d8v4hOUIJ+6BDkG7Pm0ROaL0Hf5OGD/XKzT8kAbqzGu+i2N6Wfrn8cndJHPGpSPK1rX+vFipDI0A==",
      "requires": {
        "error-if-values-are-not-arrays": "~1.0.2"
      }
    },
    "@writetome51/array-get-copy": {
      "version": "1.1.2",
      "resolved": "https://registry.npmjs.org/@writetome51/array-get-copy/-/array-get-copy-1.1.2.tgz",
      "integrity": "sha512-4qBC/5VlNe22PK8Ec0rilDCo1Q0vzGxsEGMRgw3Jojft1E/39psIm5C4ecnaJtYCWqF+fc76I2Q1ZqTEoyXphQ==",
      "requires": {
        "@writetome51/array-get-merged-arrays": "~1.1.2",
        "basic-data-handling": "~1.0.15"
      }
    },
    "@writetome51/array-get-merged-arrays": {
      "version": "1.1.2",
      "resolved": "https://registry.npmjs.org/@writetome51/array-get-merged-arrays/-/array-get-merged-arrays-1.1.2.tgz",
      "integrity": "sha512-FBi1hLxhDXU2uNhMMaZwZD5uVownQ7EdfBkn0RljdkkfUsMB+PvIOpgx3uh2WYlZWWr8KMPAMPkatgT+uxdK8w==",
      "requires": {
        "basic-data-handling": "~1.0.15"
      }
    },
    "@writetome51/arrays-match": {
      "version": "1.0.5",
      "resolved": "https://registry.npmjs.org/@writetome51/arrays-match/-/arrays-match-1.0.5.tgz",
      "integrity": "sha512-hg5i3N8g2ChvaLEh2n7H4iaLeiCgRzd+JzqH/Zwx0t06JA5HsHZ6XheJe4UgAFVBrLvJiBiof6IqgPrzyRz/Aw==",
      "dev": true,
      "requires": {
        "basic-data-handling": "~1.0.15",
        "error-if-values-are-not-arrays": "~1.0.2"
      }
    },
    "@writetome51/get-array-from-property": {
      "version": "1.1.1",
      "resolved": "https://registry.npmjs.org/@writetome51/get-array-from-property/-/get-array-from-property-1.1.1.tgz",
      "integrity": "sha512-3KefvrpCrAwGbOlytOl+mp2q6OSyYVEyIDT7Q6jEREtQ8MQ3dNP28pN6zoX7yxAwjubO1+XYs65o3jH/DxDQtw==",
      "requires": {
        "@writetome51/get-property": "~1.0.2",
        "error-if-not-populated-array": "~1.0.1"
      }
    },
    "@writetome51/get-average-from-property": {
      "version": "1.1.1",
      "resolved": "https://registry.npmjs.org/@writetome51/get-average-from-property/-/get-average-from-property-1.1.1.tgz",
      "integrity": "sha512-xl6e2ib+xNIu82/SBgX5frHhCHPXK2ddnqERZPVUqx2fc3V5A5O+C/jXbtYTKELpNx2tiZKrP5hv9NJ3rEM1eQ==",
      "requires": {
        "@writetome51/get-array-from-property": "~1.1.1",
        "@writetome51/get-sum-average-product": "~1.0.5"
      }
    },
    "@writetome51/get-in-numeric-order-by-property": {
      "version": "1.0.2",
      "resolved": "https://registry.npmjs.org/@writetome51/get-in-numeric-order-by-property/-/get-in-numeric-order-by-property-1.0.2.tgz",
      "integrity": "sha512-6iHxyGEP7qhDs2YWX80weBnagz+CX4XDgKZOaxW5g0bOYAowZHo4JOj2+pSukOo5GSaCFEAyZG7vi7qiUMLmaw==",
      "requires": {
        "@writetome51/array-append-prepend": "~1.0.5",
        "@writetome51/array-get-copy": "~1.1.2",
        "@writetome51/array-get-merged-arrays": "~1.1.2",
        "@writetome51/get-array-from-property": "~1.1.1",
        "@writetome51/get-average-from-property": "~1.1.1",
        "@writetome51/get-property": "~1.0.2",
        "@writetome51/in-ascending-order": "~1.0.2",
        "basic-data-handling": "~1.0.15"
      }
    },
    "@writetome51/get-property": {
      "version": "1.0.2",
      "resolved": "https://registry.npmjs.org/@writetome51/get-property/-/get-property-1.0.2.tgz",
      "integrity": "sha512-GLAenqO9Yp2U/4WhMKm22p441USSp7laSj5lZTBD9zaHA9DQex42xOGOTCuJB24cYYn9/tAg7PPaLkbQ2uzdrA==",
      "requires": {
        "basic-data-handling": "~1.0.15"
      }
    },
    "@writetome51/get-sum-average-product": {
      "version": "1.0.5",
      "resolved": "https://registry.npmjs.org/@writetome51/get-sum-average-product/-/get-sum-average-product-1.0.5.tgz",
      "integrity": "sha512-+R714ufiUFym5P3C6/sJy2LYLAhSwC7Q9v3Vl4vO/nVvC0xW4daX+jCkYQ8jTU6HutTDvlfI8vqIfCiFoB2Ldw==",
      "requires": {
        "error-if-array-item-is-not-number": "~1.0.4",
        "error-if-not-populated-array": "~1.0.1"
      }
    },
    "@writetome51/in-ascending-order": {
      "version": "1.0.2",
      "resolved": "https://registry.npmjs.org/@writetome51/in-ascending-order/-/in-ascending-order-1.0.2.tgz",
      "integrity": "sha512-KJGsVogxYfu89Kzq0+go3yEqFF4pRKV2hDz9jlXQoE6hMOvrzjm29ed65RpjsR7T2TiZPEhLGyM8GCOHPamSNg==",
      "requires": {
        "error-if-array-item-is-not-number": "~1.0.4",
        "error-if-not-populated-array": "~1.0.1"
      }
    },
    "@writetome51/not": {
      "version": "1.0.4",
      "resolved": "https://registry.npmjs.org/@writetome51/not/-/not-1.0.4.tgz",
      "integrity": "sha512-SLkliFCiR73ChN8LvhAwFJikxgjVrl7vFlIh280eXpHUPts2IUto20chm9SSO7NVDp9g45WW/5st1bz643VXzg=="
    },
    "@writetome51/set-array": {
      "version": "1.0.2",
      "resolved": "https://registry.npmjs.org/@writetome51/set-array/-/set-array-1.0.2.tgz",
      "integrity": "sha512-+Q6sCvVmAqXQhj62Ldve2TpRuJQteN0VhNjBjv59Z9P47VB3jbSZBJlLcg0U+pTHsNhWNduN2KD85ynn5qWcKw==",
      "requires": {
        "error-if-values-are-not-arrays": "~1.0.2"
      }
    },
    "basic-data-handling": {
      "version": "1.0.15",
      "resolved": "https://registry.npmjs.org/basic-data-handling/-/basic-data-handling-1.0.15.tgz",
      "integrity": "sha512-HyXRwPTfhKacukW4mMJl+3IsFC+5NzMr9flzp+XBJhHol0eAZzLxYqP7w3Cme3cziKcshzoO7Zf/9C+bewJWpA=="
    },
    "error-if-array-item-is-not-number": {
      "version": "1.0.4",
      "resolved": "https://registry.npmjs.org/error-if-array-item-is-not-number/-/error-if-array-item-is-not-number-1.0.4.tgz",
      "integrity": "sha512-DuEEqU8PaUEjx2jsBUQYo6HwR+XH5bil0A8lz3kO5ZkJ36jS/ufOX8w4jiiOgdqpmq1pAmm/moRD6Bk5nedEDQ==",
      "requires": {
        "@writetome51/not": "~1.0.3",
        "basic-data-handling": "~1.0.13"
      }
    },
    "error-if-not-populated-array": {
      "version": "1.0.1",
      "resolved": "https://registry.npmjs.org/error-if-not-populated-array/-/error-if-not-populated-array-1.0.1.tgz",
      "integrity": "sha512-XKN0WUVUNrDOsB1PuBRQJ4/tVOeFceioLm+QPOpCkQaZlD9vVYZf+pRrFIoiqzVno7bx7AI2lNIfMWf7gRarvg==",
      "requires": {
        "basic-data-handling": "~1.0.13"
      }
    },
    "error-if-values-are-not-arrays": {
      "version": "1.0.2",
      "resolved": "https://registry.npmjs.org/error-if-values-are-not-arrays/-/error-if-values-are-not-arrays-1.0.2.tgz",
      "integrity": "sha512-HD4BW6LoQpF0aGVIW1UCsY8LLnB+19kGoYs2HaB8CcaBcGw0ed3XnwJTSb/sr8YqLFkhfFO5bsaFB8savUPKsw==",
      "requires": {
        "basic-data-handling": "~1.0.13"
      }
    }
  }
}
