{
  "name": "@writetome51/get-sorted-by-property",
  "version": "3.0.0",
  "lockfileVersion": 1,
  "requires": true,
  "dependencies": {
    "@arr/every": {
      "version": "1.0.1",
      "resolved": "https://registry.npmjs.org/@arr/every/-/every-1.0.1.tgz",
      "integrity": "sha512-UQFQ6SgyJ6LX42W8rHCs8KVc0JS0tzVL9ct4XYedJukskYVWTo49tNiMEK9C2HTyarbNiT/RVIRSY82vH+6sTg==",
      "dev": true
    },
    "@arr/reduce": {
      "version": "1.0.1",
      "resolved": "https://registry.npmjs.org/@arr/reduce/-/reduce-1.0.1.tgz",
      "integrity": "sha512-bggP6LpoucwOoA8XvgUMRBEAlaZfOBYl6F6ZXWnsS6p5Xj073i3dA36MEKkfepSPMG95w9LR9S2DOs7P+4ZC8A=="
    },
    "@writetome51/alphabetize-by-property": {
      "version": "4.0.0",
      "resolved": "https://registry.npmjs.org/@writetome51/alphabetize-by-property/-/alphabetize-by-property-4.0.0.tgz",
      "integrity": "sha512-ZQKuFjNqJfWM/ulb5R9m5iAO5CBt1KPib2ONEz9s6p6Zx3qIKQaqHatWVo5sXL7pXONhFDfVSn33v3cQrNyBlg==",
      "requires": {
        "@writetome51/get-property": "^2.0.1",
        "error-if-not-array": "^2.0.0"
      }
    },
    "@writetome51/array-get-merged-arrays": {
      "version": "2.0.0",
      "resolved": "https://registry.npmjs.org/@writetome51/array-get-merged-arrays/-/array-get-merged-arrays-2.0.0.tgz",
      "integrity": "sha512-o3TU1tMEXobp0mxbxnuFzB1/GcKOKad8w4QSITONnTw8FTxSd/dlF0A9ukshdMariSDCy06nlUdm9V9hOecQcA==",
      "requires": {
        "error-if-not-array": "^2.0.0"
      }
    },
    "@writetome51/arrays-match": {
      "version": "2.0.1",
      "resolved": "https://registry.npmjs.org/@writetome51/arrays-match/-/arrays-match-2.0.1.tgz",
      "integrity": "sha512-JGaTMqqvhVyRPQQpK1Ks+3jlLMb3nXpxnSCul5UwXIy88SG6bXw8/oq+SsX+MsjqiUlub6oLNIg4r889rluBOw==",
      "dev": true,
      "requires": {
        "@arr/every": "^1.0.1",
        "@writetome51/is-array-not-array": "^2.0.0",
        "@writetome51/is-empty-not-empty": "^2.0.1",
        "error-if-values-are-not-arrays": "^2.0.1"
      }
    },
    "@writetome51/get-alphabetized-by-property": {
      "version": "1.0.0",
      "resolved": "https://registry.npmjs.org/@writetome51/get-alphabetized-by-property/-/get-alphabetized-by-property-1.0.0.tgz",
      "integrity": "sha512-KvHquu9ASuauvsXELpGU5GKHDTEjkD6gpGojLEavsOagnx9K7GHKFGCg3DfyPhnwDMGF1UWJQhw9Gr+hLHRiZg==",
      "requires": {
        "@writetome51/alphabetize-by-property": "^4.0.0",
        "@writetome51/get-array-copy": "^1.0.0"
      }
    },
    "@writetome51/get-arr-filled": {
      "version": "0.0.2",
      "resolved": "https://registry.npmjs.org/@writetome51/get-arr-filled/-/get-arr-filled-0.0.2.tgz",
      "integrity": "sha512-w2FPc2N+qGHr6mNQsOkuv+3sBvv03Ki5LeIW1Vq5A/mba4E1VrdjrwA7pAwkd6stcsuMqlI3+wrcjJ4usAQaSw=="
    },
    "@writetome51/get-array-copy": {
      "version": "1.0.0",
      "resolved": "https://registry.npmjs.org/@writetome51/get-array-copy/-/get-array-copy-1.0.0.tgz",
      "integrity": "sha512-t2E8n/80SE9k6WUq6ovDXnKTRPcbMM0qqu738wTASSW8bbBKEWhZ8oF+hX5xCjP0EWkRln5BzN/6tztaMVgdAA==",
      "requires": {
        "error-if-not-array": "^2.0.0"
      }
    },
    "@writetome51/get-array-from-property": {
      "version": "2.0.1",
      "resolved": "https://registry.npmjs.org/@writetome51/get-array-from-property/-/get-array-from-property-2.0.1.tgz",
      "integrity": "sha512-8hRk5PmrW+xWe70kdWrljR+6jmrBs142kYH7qd8lxhra0LRjHePg64sfOBFSPaKjkrtOVYZZdNVJSbRBHINOjw==",
      "requires": {
        "@writetome51/get-arr-filled": "^0.0.2",
        "@writetome51/get-property": "^2.0.0",
        "error-if-length-is-zero": "^1.0.1"
      }
    },
    "@writetome51/get-average-from-property": {
      "version": "2.0.0",
      "resolved": "https://registry.npmjs.org/@writetome51/get-average-from-property/-/get-average-from-property-2.0.0.tgz",
      "integrity": "sha512-3YZUY9XfMTcM7poaxQ20J5Ygm7MwkLo5sTQgFic1Zvh9z810FwNlc4U8hnktu+oi+FBCou7PXhbyBDcdflwpaw==",
      "requires": {
        "@writetome51/get-array-from-property": "^2.0.0",
        "@writetome51/get-sum-average-product": "^2.0.0"
      }
    },
    "@writetome51/get-in-numeric-order-by-property": {
      "version": "2.0.1",
      "resolved": "https://registry.npmjs.org/@writetome51/get-in-numeric-order-by-property/-/get-in-numeric-order-by-property-2.0.1.tgz",
      "integrity": "sha512-bpcAbdX5yLsgD5F9j9YUMypRwVzRwU4neGNbznGtGx/GcuwRwAV6thOz5gkwf35CeI0bX+ZiBY+lHPZp1A1TSQ==",
      "requires": {
        "@writetome51/array-get-merged-arrays": "^2.0.0",
        "@writetome51/get-array-copy": "^1.0.0",
        "@writetome51/get-array-from-property": "^2.0.0",
        "@writetome51/get-average-from-property": "^2.0.0",
        "@writetome51/get-property": "^2.0.0",
        "@writetome51/in-numeric-order": "^2.0.0",
        "@writetome51/is-array-not-array": "^2.0.0",
        "@writetome51/not": "^2.0.0"
      }
    },
    "@writetome51/get-property": {
      "version": "2.0.1",
      "resolved": "https://registry.npmjs.org/@writetome51/get-property/-/get-property-2.0.1.tgz",
      "integrity": "sha512-yYzGmw+iYcs7tf++wIYLaKQXeWWVztt7UaFds7WlhQK+2a/CwsaJeoCfYTRnJRUrFCN0R+Fli0KYAaebILcOIA==",
      "requires": {
        "error-if-length-is-zero": "^1.0.1",
        "error-if-not-object": "^2.0.0"
      }
    },
    "@writetome51/get-sum-average-product": {
      "version": "2.0.1",
      "resolved": "https://registry.npmjs.org/@writetome51/get-sum-average-product/-/get-sum-average-product-2.0.1.tgz",
      "integrity": "sha512-jB7F90cQCIkdpwWyF7Kj6rgfq5uzrqx0lXZpBAOB4ok76tIuwkoCFu2TvvHQ09yY1GrrDgm0UMq6IRrhuCq5IQ==",
      "requires": {
        "@arr/reduce": "^1.0.1",
        "error-if-length-is-zero": "^1.0.1",
        "error-if-not-finite-number": "^2.0.0"
      }
    },
    "@writetome51/in-numeric-order": {
      "version": "2.0.1",
      "resolved": "https://registry.npmjs.org/@writetome51/in-numeric-order/-/in-numeric-order-2.0.1.tgz",
      "integrity": "sha512-tPrSsncmwb9fa2MuPucQqqYBNLeYjo31QNzfWshDYXitQ3yevnrO6DYFcWLDC9EF2rxpHcZuixvMeN7NgzzZhg==",
      "requires": {
        "error-if-length-is-zero": "^1.0.1",
        "error-if-not-finite-number": "^2.0.0"
      }
    },
    "@writetome51/is-array-not-array": {
      "version": "2.0.0",
      "resolved": "https://registry.npmjs.org/@writetome51/is-array-not-array/-/is-array-not-array-2.0.0.tgz",
      "integrity": "sha512-IVc3BgxLuBsSPzteYbwpgOYyqP0DjpIMsPbjSOrCeMAGvJhojLBiBkw/I70faMs6iuPalOklfGm60XcRU7aZ3g=="
    },
    "@writetome51/is-empty-not-empty": {
      "version": "2.0.1",
      "resolved": "https://registry.npmjs.org/@writetome51/is-empty-not-empty/-/is-empty-not-empty-2.0.1.tgz",
      "integrity": "sha512-wpB7AUlNywDhEjlsZZNRBAsp+55458Ot6A7tcr8maAR9+6YS62hYFapn/Ko6jjF9P4FlDKlrMyEPiGnF8b1rbQ==",
      "dev": true,
      "requires": {
        "error-if-not-finite-number": "^2.0.0"
      }
    },
    "@writetome51/is-finite-number": {
      "version": "2.0.0",
      "resolved": "https://registry.npmjs.org/@writetome51/is-finite-number/-/is-finite-number-2.0.0.tgz",
      "integrity": "sha512-mVQxcMuSjRZvG2MxM4KFerGLNuhaeoVR7vC6itSnx/DNTENm0YHPNqh4E7FqjMt94pnis/iwhSnSpKouf88CDA=="
    },
    "@writetome51/is-object-not-object": {
      "version": "2.0.0",
      "resolved": "https://registry.npmjs.org/@writetome51/is-object-not-object/-/is-object-not-object-2.0.0.tgz",
      "integrity": "sha512-CuydlACtzhrGryvL05k2WF35utLWrwYoSEK7bLcW1iSlcf3AkZ/own6WwODIpsMvLJfpTv5KFeJ1BEPvkZKGIw=="
    },
    "@writetome51/not": {
      "version": "2.0.0",
      "resolved": "https://registry.npmjs.org/@writetome51/not/-/not-2.0.0.tgz",
      "integrity": "sha512-CS+S0XafZPStxI16/27TBIfQETu5JfvD9VPBbw7sr42Vjotv6q02IjtwLgfAVcjQlsj+IL5I+2Hs6uoI7kinmA=="
    },
    "error-if-length-is-zero": {
      "version": "1.0.1",
      "resolved": "https://registry.npmjs.org/error-if-length-is-zero/-/error-if-length-is-zero-1.0.1.tgz",
      "integrity": "sha512-UB2bqtLZ9lpexrsjQbH6UkdBJpmeesBQZHGEYwOFoiKReRuQlG/cODCOMNY+Fq8EFyeF1gg99eMSjdztqUEQqA=="
    },
    "error-if-not-array": {
      "version": "2.0.0",
      "resolved": "https://registry.npmjs.org/error-if-not-array/-/error-if-not-array-2.0.0.tgz",
      "integrity": "sha512-kBAYpWy9xGjELgGqmS2QPbRJPXfacAxBwgitXIwMEglY0p3C2p4++sf3uDszXaDoy4cwgGrFj+FkthsxQFh/ag=="
    },
    "error-if-not-finite-number": {
      "version": "2.0.0",
      "resolved": "https://registry.npmjs.org/error-if-not-finite-number/-/error-if-not-finite-number-2.0.0.tgz",
      "integrity": "sha512-CBxJ+SqnHf1uVCQ9v8777aEC6UxQ3NNoSjDrOgr3iaT9m7LxUf9vFwKBPONTLfGnWFVCirH6KdHNTI2+4lT8cQ==",
      "requires": {
        "@writetome51/is-finite-number": "^2.0.0"
      }
    },
    "error-if-not-object": {
      "version": "2.0.0",
      "resolved": "https://registry.npmjs.org/error-if-not-object/-/error-if-not-object-2.0.0.tgz",
      "integrity": "sha512-jtmWyJasrRxyi9XIYReE2z9p6eLHPzmYaceZrFU68diHFLH/G0evKM67MMgSgKUhIjjZk34y5+H3dgoCDCfFzg==",
      "requires": {
        "@writetome51/is-object-not-object": "^2.0.0"
      }
    },
    "error-if-values-are-not-arrays": {
      "version": "2.0.1",
      "resolved": "https://registry.npmjs.org/error-if-values-are-not-arrays/-/error-if-values-are-not-arrays-2.0.1.tgz",
      "integrity": "sha512-DiK9y6+4toBSg1glPr0yTkI7SfaFo4FCVyNuLaKLuuH++z10XnVE/zV2m+sAw1QWL7RlhxFJU1/SnkwFWker7g==",
      "dev": true,
      "requires": {
        "error-if-not-array": "^2.0.0"
      }
    }
  }
}
